# This file was autogenerated by uv via the following command:
#    uv pip compile requirements.txt -o requirements.lock --python bio-data-gen/bin/python
annotated-types==0.7.0
    # via
    #   -r requirements.txt
    #   pydantic
anthropic==0.98.1
    # via
    #   -r requirements.txt
    #   langchain-anthropic
anyio==4.12.1
    # via
    #   -r requirements.txt
    #   anthropic
    #   httpx
certifi==2026.4.22
    # via
    #   -r requirements.txt
    #   httpcore
    #   httpx
    #   requests
charset-normalizer==3.4.7
    # via
    #   -r requirements.txt
    #   requests
contourpy==1.3.0
    # via
    #   -r requirements.txt
    #   matplotlib
cycler==0.12.1
    # via
    #   -r requirements.txt
    #   matplotlib
distro==1.9.0
    # via
    #   -r requirements.txt
    #   anthropic
docstring-parser==0.18.0
    # via
    #   -r requirements.txt
    #   anthropic
exceptiongroup==1.3.1
    # via
    #   -r requirements.txt
    #   anyio
fonttools==4.60.2
    # via
    #   -r requirements.txt
    #   matplotlib
h11==0.16.0
    # via
    #   -r requirements.txt
    #   httpcore
httpcore==1.0.9
    # via
    #   -r requirements.txt
    #   httpx
httpx==0.28.1
    # via
    #   -r requirements.txt
    #   anthropic
    #   langgraph-sdk
    #   langsmith
idna==3.13
    # via
    #   -r requirements.txt
    #   anyio
    #   httpx
    #   requests
importlib-resources==6.5.2
    # via
    #   -r requirements.txt
    #   matplotlib
jiter==0.14.0
    # via
    #   -r requirements.txt
    #   anthropic
joblib==1.5.3
    # via
    #   -r requirements.txt
    #   scikit-learn
jsonpatch==1.33
    # via
    #   -r requirements.txt
    #   langchain-core
jsonpointer==3.0.0
    # via
    #   -r requirements.txt
    #   jsonpatch
kiwisolver==1.4.7
    # via
    #   -r requirements.txt
    #   matplotlib
langchain-anthropic==0.3.22
    # via -r requirements.txt
langchain-core==0.3.84
    # via
    #   -r requirements.txt
    #   langchain-anthropic
    #   langgraph
    #   langgraph-checkpoint
    #   langgraph-prebuilt
langgraph==0.6.11
    # via -r requirements.txt
langgraph-checkpoint==2.1.2
    # via
    #   -r requirements.txt
    #   langgraph
    #   langgraph-prebuilt
langgraph-prebuilt==0.6.5
    # via
    #   -r requirements.txt
    #   langgraph
langgraph-sdk==0.2.9
    # via
    #   -r requirements.txt
    #   langgraph
langsmith==0.4.37
    # via
    #   -r requirements.txt
    #   langchain-core
matplotlib==3.9.4
    # via -r requirements.txt
numpy==2.0.2
    # via
    #   -r requirements.txt
    #   contourpy
    #   matplotlib
    #   scikit-learn
    #   scipy
orjson==3.11.5
    # via
    #   -r requirements.txt
    #   langgraph-sdk
    #   langsmith
ormsgpack==1.11.0
    # via
    #   -r requirements.txt
    #   langgraph-checkpoint
packaging==25.0
    # via
    #   -r requirements.txt
    #   langchain-core
    #   langsmith
    #   matplotlib
pillow==11.3.0
    # via
    #   -r requirements.txt
    #   matplotlib
pydantic==2.13.3
    # via
    #   -r requirements.txt
    #   anthropic
    #   langchain-anthropic
    #   langchain-core
    #   langgraph
    #   langsmith
pydantic-core==2.46.3
    # via
    #   -r requirements.txt
    #   pydantic
pyparsing==3.3.2
    # via
    #   -r requirements.txt
    #   matplotlib
python-dateutil==2.9.0.post0
    # via
    #   -r requirements.txt
    #   matplotlib
python-dotenv==1.2.1
    # via -r requirements.txt
pyyaml==6.0.3
    # via
    #   -r requirements.txt
    #   langchain-core
requests==2.32.5
    # via
    #   -r requirements.txt
    #   langsmith
    #   requests-toolbelt
requests-toolbelt==1.0.0
    # via
    #   -r requirements.txt
    #   langsmith
scikit-learn==1.6.1
    # via -r requirements.txt
scipy==1.13.1
    # via
    #   -r requirements.txt
    #   scikit-learn
six==1.17.0
    # via
    #   -r requirements.txt
    #   python-dateutil
sniffio==1.3.1
    # via
    #   -r requirements.txt
    #   anthropic
tenacity==9.1.2
    # via
    #   -r requirements.txt
    #   langchain-core
threadpoolctl==3.6.0
    # via
    #   -r requirements.txt
    #   scikit-learn
typing-extensions==4.15.0
    # via
    #   -r requirements.txt
    #   anthropic
    #   anyio
    #   exceptiongroup
    #   langchain-core
    #   pydantic
    #   pydantic-core
    #   typing-inspection
typing-inspection==0.4.2
    # via
    #   -r requirements.txt
    #   pydantic
urllib3==2.6.3
    # via
    #   -r requirements.txt
    #   requests
uuid-utils==0.14.1
    # via
    #   -r requirements.txt
    #   langchain-core
xxhash==3.7.0
    # via
    #   -r requirements.txt
    #   langgraph
zipp==3.23.1
    # via
    #   -r requirements.txt
    #   importlib-resources
zstandard==0.25.0
    # via
    #   -r requirements.txt
    #   langsmith
